
Microsoft Visual Studio Solution File, Format Version 12.00
# Visual Studio 15
VisualStudioVersion = 15.0.27703.2042
MinimumVisualStudioVersion = 10.0.40219.1
Project("{8BC9CEB8-8B4A-11D0-8D11-00A0C91BC942}") = "BreakoutFree", "BreakoutFree\BreakoutFree.vcxproj", "{19A1B24F-0E90-40D3-AF60-18BD8A1CBA72}"
EndProject
Global
	GlobalSection(SolutionConfigurationPlatforms) = preSolution
		Debug|x64 = Debug|x64
		Debug|x86 = Debug|x86
		Release|x64 = Release|x64
		Release|x86 = Release|x86
	EndGlobalSection
	GlobalSection(ProjectConfigurationPlatforms) = postSolution
		{19A1B24F-0E90-40D3-AF60-18BD8A1CBA72}.Debug|x64.ActiveCfg = Debug|x64
		{19A1B24F-0E90-40D3-AF60-18BD8A1CBA72}.Debug|x64.Build.0 = Debug|x64
		{19A1B24F-0E90-40D3-AF60-18BD8A1CBA72}.Debug|x86.ActiveCfg = Debug|Win32
		{19A1B24F-0E90-40D3-AF60-18BD8A1CBA72}.Debug|x86.Build.0 = Debug|Win32
		{19A1B24F-0E90-40D3-AF60-18BD8A1CBA72}.Release|x64.ActiveCfg = Release|x64
		{19A1B24F-0E90-40D3-AF60-18BD8A1CBA72}.Release|x64.Build.0 = Release|x64
		{19A1B24F-0E90-40D3-AF60-18BD8A1CBA72}.Release|x86.ActiveCfg = Release|Win32
		{19A1B24F-0E90-40D3-AF60-18BD8A1CBA72}.Release|x86.Build.0 = Release|Win32
	EndGlobalSection
	GlobalSection(SolutionProperties) = preSolution
		HideSolutionNode = FALSE
	EndGlobalSection
	GlobalSection(ExtensibilityGlobals) = postSolution
		SolutionGuid = {DE0AAB9B-2EBF-41E6-AD11-7CCF32BBE02A}
	EndGlobalSection
EndGlobal
